
Microsoft Visual Studio Solution File, Format Version 12.00
# Visual Studio Version 17
VisualStudioVersion = 17.8.35728.64
MinimumVisualStudioVersion = 10.0.40219.1
Project("{FAE04EC0-301F-11D3-BF4B-00C04F79EFBC}") = "Problem_2_Multithreading", "Problem_2_Multithreading.csproj", "{AC121A08-7DF0-4368-BB10-96CDCE210220}"
EndProject
Global
	GlobalSection(SolutionConfigurationPlatforms) = preSolution
		Debug|Any CPU = Debug|Any CPU
		Release|Any CPU = Release|Any CPU
	EndGlobalSection
	GlobalSection(ProjectConfigurationPlatforms) = postSolution
		{AC121A08-7DF0-4368-BB10-96CDCE210220}.Debug|Any CPU.ActiveCfg = Debug|Any CPU
		{AC121A08-7DF0-4368-BB10-96CDCE210220}.Debug|Any CPU.Build.0 = Debug|Any CPU
		{AC121A08-7DF0-4368-BB10-96CDCE210220}.Release|Any CPU.ActiveCfg = Release|Any CPU
		{AC121A08-7DF0-4368-BB10-96CDCE210220}.Release|Any CPU.Build.0 = Release|Any CPU
	EndGlobalSection
	GlobalSection(SolutionProperties) = preSolution
		HideSolutionNode = FALSE
	EndGlobalSection
	GlobalSection(ExtensibilityGlobals) = postSolution
		SolutionGuid = {00AAE5E4-BEA5-4D3F-A10A-30BE7E6E93C7}
	EndGlobalSection
EndGlobal
