
Microsoft Visual Studio Solution File, Format Version 12.00
# Visual Studio Version 17
VisualStudioVersion = 17.8.35728.64
MinimumVisualStudioVersion = 10.0.40219.1
Project("{FAE04EC0-301F-11D3-BF4B-00C04F79EFBC}") = "Problem_1", "Problem_1.csproj", "{03DD2818-87AA-4817-B4A4-8B101DFDE5AE}"
EndProject
Global
	GlobalSection(SolutionConfigurationPlatforms) = preSolution
		Debug|Any CPU = Debug|Any CPU
		Release|Any CPU = Release|Any CPU
	EndGlobalSection
	GlobalSection(ProjectConfigurationPlatforms) = postSolution
		{03DD2818-87AA-4817-B4A4-8B101DFDE5AE}.Debug|Any CPU.ActiveCfg = Debug|Any CPU
		{03DD2818-87AA-4817-B4A4-8B101DFDE5AE}.Debug|Any CPU.Build.0 = Debug|Any CPU
		{03DD2818-87AA-4817-B4A4-8B101DFDE5AE}.Release|Any CPU.ActiveCfg = Release|Any CPU
		{03DD2818-87AA-4817-B4A4-8B101DFDE5AE}.Release|Any CPU.Build.0 = Release|Any CPU
	EndGlobalSection
	GlobalSection(SolutionProperties) = preSolution
		HideSolutionNode = FALSE
	EndGlobalSection
	GlobalSection(ExtensibilityGlobals) = postSolution
		SolutionGuid = {C38CEC6E-75F5-4598-99B3-29949464CA9A}
	EndGlobalSection
EndGlobal
