
Microsoft Visual Studio Solution File, Format Version 12.00
# Visual Studio Version 17
VisualStudioVersion = 17.8.35728.64
MinimumVisualStudioVersion = 10.0.40219.1
Project("{FAE04EC0-301F-11D3-BF4B-00C04F79EFBC}") = "Problem-1-Multithreading2", "Problem-1-Multithreading2.csproj", "{619B15F8-1580-4475-8209-F14D4C64E2E7}"
EndProject
Global
	GlobalSection(SolutionConfigurationPlatforms) = preSolution
		Debug|Any CPU = Debug|Any CPU
		Release|Any CPU = Release|Any CPU
	EndGlobalSection
	GlobalSection(ProjectConfigurationPlatforms) = postSolution
		{619B15F8-1580-4475-8209-F14D4C64E2E7}.Debug|Any CPU.ActiveCfg = Debug|Any CPU
		{619B15F8-1580-4475-8209-F14D4C64E2E7}.Debug|Any CPU.Build.0 = Debug|Any CPU
		{619B15F8-1580-4475-8209-F14D4C64E2E7}.Release|Any CPU.ActiveCfg = Release|Any CPU
		{619B15F8-1580-4475-8209-F14D4C64E2E7}.Release|Any CPU.Build.0 = Release|Any CPU
	EndGlobalSection
	GlobalSection(SolutionProperties) = preSolution
		HideSolutionNode = FALSE
	EndGlobalSection
	GlobalSection(ExtensibilityGlobals) = postSolution
		SolutionGuid = {C8293CA2-74F2-4EB5-8327-7ED7A152583C}
	EndGlobalSection
EndGlobal
